
Microsoft Visual Studio Solution File, Format Version 12.00
# Visual Studio 2013
VisualStudioVersion = 12.0.21005.1
MinimumVisualStudioVersion = 10.0.40219.1
Project("{FAE04EC0-301F-11D3-BF4B-00C04F79EFBC}") = "EmployeeProject", "EmployeeProject\EmployeeProject.csproj", "{304B3E6E-4E42-4FC5-B7E9-5A907939C580}"
EndProject
Project("{FAE04EC0-301F-11D3-BF4B-00C04F79EFBC}") = "EmployeeProject.Tests", "EmployeeProject.Tests\EmployeeProject.Tests.csproj", "{7EDD187E-7FB7-4E02-A228-226D179AF874}"
EndProject
Global
	GlobalSection(SolutionConfigurationPlatforms) = preSolution
		Debug|Any CPU = Debug|Any CPU
		Release|Any CPU = Release|Any CPU
	EndGlobalSection
	GlobalSection(ProjectConfigurationPlatforms) = postSolution
		{304B3E6E-4E42-4FC5-B7E9-5A907939C580}.Debug|Any CPU.ActiveCfg = Debug|Any CPU
		{304B3E6E-4E42-4FC5-B7E9-5A907939C580}.Debug|Any CPU.Build.0 = Debug|Any CPU
		{304B3E6E-4E42-4FC5-B7E9-5A907939C580}.Release|Any CPU.ActiveCfg = Release|Any CPU
		{304B3E6E-4E42-4FC5-B7E9-5A907939C580}.Release|Any CPU.Build.0 = Release|Any CPU
		{7EDD187E-7FB7-4E02-A228-226D179AF874}.Debug|Any CPU.ActiveCfg = Debug|Any CPU
		{7EDD187E-7FB7-4E02-A228-226D179AF874}.Debug|Any CPU.Build.0 = Debug|Any CPU
		{7EDD187E-7FB7-4E02-A228-226D179AF874}.Release|Any CPU.ActiveCfg = Release|Any CPU
		{7EDD187E-7FB7-4E02-A228-226D179AF874}.Release|Any CPU.Build.0 = Release|Any CPU
	EndGlobalSection
	GlobalSection(SolutionProperties) = preSolution
		HideSolutionNode = FALSE
	EndGlobalSection
EndGlobal
